
Microsoft Visual Studio Solution File, Format Version 12.00
Project("{2150E333-8FDC-42A3-9474-1A3956D46DE8}") = "src", "src", "{352353FF-D4A3-4D27-B125-269CB9C6AF15}"
EndProject
Project("{2150E333-8FDC-42A3-9474-1A3956D46DE8}") = "corePackages", "corePackages", "{A1A64655-EAB9-470F-B903-FC3249ED1609}"
EndProject
Project("{2150E333-8FDC-42A3-9474-1A3956D46DE8}") = "project", "project", "{7E5CAFC6-575B-4AF1-AE17-449DA0EF2981}"
EndProject
Project("{FAE04EC0-301F-11D3-BF4B-00C04F79EFBC}") = "Core.CrossCuttingConcerns", "src\corePackages\Core.CrossCuttingConcerns\Core.CrossCuttingConcerns.csproj", "{465500E4-F3AA-4EE2-BC91-D2A8A9D8EB67}"
EndProject
Project("{FAE04EC0-301F-11D3-BF4B-00C04F79EFBC}") = "Core.Persistence", "src\corePackages\Core.Persistence\Core.Persistence.csproj", "{016C756D-F5E4-4E34-A21D-310D61D17A9A}"
EndProject
Project("{FAE04EC0-301F-11D3-BF4B-00C04F79EFBC}") = "Core.Security", "src\corePackages\Core.Security\Core.Security.csproj", "{61BA951B-9917-4A13-AAAB-4446487A4C08}"
EndProject
Project("{FAE04EC0-301F-11D3-BF4B-00C04F79EFBC}") = "Models", "src\project\Models\Models.csproj", "{C8A1C160-2AB1-4D4F-B51B-091FEDEA400E}"
EndProject
Project("{FAE04EC0-301F-11D3-BF4B-00C04F79EFBC}") = "Persistence", "src\project\Persistence\Persistence.csproj", "{3CC92AD4-6AD4-4780-9A57-A823A53B57DD}"
EndProject
Project("{FAE04EC0-301F-11D3-BF4B-00C04F79EFBC}") = "Services", "src\project\Services\Services.csproj", "{706F57E8-732E-45F7-BBCE-D5B5931EEE47}"
EndProject
Project("{FAE04EC0-301F-11D3-BF4B-00C04F79EFBC}") = "Web.API", "src\project\Web.API\Web.API.csproj", "{3EC0F7B4-35FD-4DD1-9F44-7DA252815B43}"
EndProject
Project("{FAE04EC0-301F-11D3-BF4B-00C04F79EFBC}") = "Admin.UI", "src\project\Admin.UI\Admin.UI.csproj", "{DC92C551-6D95-4B31-9F7C-FF6BF9A20EE4}"
EndProject
Global
	GlobalSection(SolutionConfigurationPlatforms) = preSolution
		Debug|Any CPU = Debug|Any CPU
		Release|Any CPU = Release|Any CPU
	EndGlobalSection
	GlobalSection(ProjectConfigurationPlatforms) = postSolution
		{465500E4-F3AA-4EE2-BC91-D2A8A9D8EB67}.Debug|Any CPU.ActiveCfg = Debug|Any CPU
		{465500E4-F3AA-4EE2-BC91-D2A8A9D8EB67}.Debug|Any CPU.Build.0 = Debug|Any CPU
		{465500E4-F3AA-4EE2-BC91-D2A8A9D8EB67}.Release|Any CPU.ActiveCfg = Release|Any CPU
		{465500E4-F3AA-4EE2-BC91-D2A8A9D8EB67}.Release|Any CPU.Build.0 = Release|Any CPU
		{016C756D-F5E4-4E34-A21D-310D61D17A9A}.Debug|Any CPU.ActiveCfg = Debug|Any CPU
		{016C756D-F5E4-4E34-A21D-310D61D17A9A}.Debug|Any CPU.Build.0 = Debug|Any CPU
		{016C756D-F5E4-4E34-A21D-310D61D17A9A}.Release|Any CPU.ActiveCfg = Release|Any CPU
		{016C756D-F5E4-4E34-A21D-310D61D17A9A}.Release|Any CPU.Build.0 = Release|Any CPU
		{61BA951B-9917-4A13-AAAB-4446487A4C08}.Debug|Any CPU.ActiveCfg = Debug|Any CPU
		{61BA951B-9917-4A13-AAAB-4446487A4C08}.Debug|Any CPU.Build.0 = Debug|Any CPU
		{61BA951B-9917-4A13-AAAB-4446487A4C08}.Release|Any CPU.ActiveCfg = Release|Any CPU
		{61BA951B-9917-4A13-AAAB-4446487A4C08}.Release|Any CPU.Build.0 = Release|Any CPU
		{C8A1C160-2AB1-4D4F-B51B-091FEDEA400E}.Debug|Any CPU.ActiveCfg = Debug|Any CPU
		{C8A1C160-2AB1-4D4F-B51B-091FEDEA400E}.Debug|Any CPU.Build.0 = Debug|Any CPU
		{C8A1C160-2AB1-4D4F-B51B-091FEDEA400E}.Release|Any CPU.ActiveCfg = Release|Any CPU
		{C8A1C160-2AB1-4D4F-B51B-091FEDEA400E}.Release|Any CPU.Build.0 = Release|Any CPU
		{3CC92AD4-6AD4-4780-9A57-A823A53B57DD}.Debug|Any CPU.ActiveCfg = Debug|Any CPU
		{3CC92AD4-6AD4-4780-9A57-A823A53B57DD}.Debug|Any CPU.Build.0 = Debug|Any CPU
		{3CC92AD4-6AD4-4780-9A57-A823A53B57DD}.Release|Any CPU.ActiveCfg = Release|Any CPU
		{3CC92AD4-6AD4-4780-9A57-A823A53B57DD}.Release|Any CPU.Build.0 = Release|Any CPU
		{706F57E8-732E-45F7-BBCE-D5B5931EEE47}.Debug|Any CPU.ActiveCfg = Debug|Any CPU
		{706F57E8-732E-45F7-BBCE-D5B5931EEE47}.Debug|Any CPU.Build.0 = Debug|Any CPU
		{706F57E8-732E-45F7-BBCE-D5B5931EEE47}.Release|Any CPU.ActiveCfg = Release|Any CPU
		{706F57E8-732E-45F7-BBCE-D5B5931EEE47}.Release|Any CPU.Build.0 = Release|Any CPU
		{3EC0F7B4-35FD-4DD1-9F44-7DA252815B43}.Debug|Any CPU.ActiveCfg = Debug|Any CPU
		{3EC0F7B4-35FD-4DD1-9F44-7DA252815B43}.Debug|Any CPU.Build.0 = Debug|Any CPU
		{3EC0F7B4-35FD-4DD1-9F44-7DA252815B43}.Release|Any CPU.ActiveCfg = Release|Any CPU
		{3EC0F7B4-35FD-4DD1-9F44-7DA252815B43}.Release|Any CPU.Build.0 = Release|Any CPU
		{DC92C551-6D95-4B31-9F7C-FF6BF9A20EE4}.Debug|Any CPU.ActiveCfg = Debug|Any CPU
		{DC92C551-6D95-4B31-9F7C-FF6BF9A20EE4}.Debug|Any CPU.Build.0 = Debug|Any CPU
		{DC92C551-6D95-4B31-9F7C-FF6BF9A20EE4}.Release|Any CPU.ActiveCfg = Release|Any CPU
		{DC92C551-6D95-4B31-9F7C-FF6BF9A20EE4}.Release|Any CPU.Build.0 = Release|Any CPU
	EndGlobalSection
	GlobalSection(NestedProjects) = preSolution
		{A1A64655-EAB9-470F-B903-FC3249ED1609} = {352353FF-D4A3-4D27-B125-269CB9C6AF15}
		{7E5CAFC6-575B-4AF1-AE17-449DA0EF2981} = {352353FF-D4A3-4D27-B125-269CB9C6AF15}
		{465500E4-F3AA-4EE2-BC91-D2A8A9D8EB67} = {A1A64655-EAB9-470F-B903-FC3249ED1609}
		{016C756D-F5E4-4E34-A21D-310D61D17A9A} = {A1A64655-EAB9-470F-B903-FC3249ED1609}
		{61BA951B-9917-4A13-AAAB-4446487A4C08} = {A1A64655-EAB9-470F-B903-FC3249ED1609}
		{C8A1C160-2AB1-4D4F-B51B-091FEDEA400E} = {7E5CAFC6-575B-4AF1-AE17-449DA0EF2981}
		{3CC92AD4-6AD4-4780-9A57-A823A53B57DD} = {7E5CAFC6-575B-4AF1-AE17-449DA0EF2981}
		{706F57E8-732E-45F7-BBCE-D5B5931EEE47} = {7E5CAFC6-575B-4AF1-AE17-449DA0EF2981}
		{3EC0F7B4-35FD-4DD1-9F44-7DA252815B43} = {7E5CAFC6-575B-4AF1-AE17-449DA0EF2981}
		{DC92C551-6D95-4B31-9F7C-FF6BF9A20EE4} = {7E5CAFC6-575B-4AF1-AE17-449DA0EF2981}
	EndGlobalSection
EndGlobal
